
Microsoft Visual Studio Solution File, Format Version 12.00
# Visual Studio Version 17
VisualStudioVersion = 17.0.31903.59
MinimumVisualStudioVersion = 10.0.40219.1
Project("{FAE04EC0-301F-11D3-BF4B-00C04F79EFBC}") = "fitbit-api-client", "fitbit-api-client\fitbit-api-client.csproj", "{D5647A1D-2A11-44D5-B325-5EC7FC8004D8}"
EndProject
Project("{FAE04EC0-301F-11D3-BF4B-00C04F79EFBC}") = "fitbit-api-client.tests", "fitbit-api-client.tests\fitbit-api-client.tests.csproj", "{83CCB88A-C6BB-48FC-A3BA-A6F2E46AFEEC}"
EndProject
Global
	GlobalSection(SolutionConfigurationPlatforms) = preSolution
		Debug|Any CPU = Debug|Any CPU
		Release|Any CPU = Release|Any CPU
	EndGlobalSection
	GlobalSection(ProjectConfigurationPlatforms) = postSolution
		{D5647A1D-2A11-44D5-B325-5EC7FC8004D8}.Debug|Any CPU.ActiveCfg = Debug|Any CPU
		{D5647A1D-2A11-44D5-B325-5EC7FC8004D8}.Debug|Any CPU.Build.0 = Debug|Any CPU
		{D5647A1D-2A11-44D5-B325-5EC7FC8004D8}.Release|Any CPU.ActiveCfg = Release|Any CPU
		{D5647A1D-2A11-44D5-B325-5EC7FC8004D8}.Release|Any CPU.Build.0 = Release|Any CPU
		{83CCB88A-C6BB-48FC-A3BA-A6F2E46AFEEC}.Debug|Any CPU.ActiveCfg = Debug|Any CPU
		{83CCB88A-C6BB-48FC-A3BA-A6F2E46AFEEC}.Debug|Any CPU.Build.0 = Debug|Any CPU
		{83CCB88A-C6BB-48FC-A3BA-A6F2E46AFEEC}.Release|Any CPU.ActiveCfg = Release|Any CPU
		{83CCB88A-C6BB-48FC-A3BA-A6F2E46AFEEC}.Release|Any CPU.Build.0 = Release|Any CPU
	EndGlobalSection
	GlobalSection(SolutionProperties) = preSolution
		HideSolutionNode = FALSE
	EndGlobalSection
	GlobalSection(ExtensibilityGlobals) = postSolution
		SolutionGuid = {5DC438D6-3C11-41E2-8EF9-CB506F272F52}
	EndGlobalSection
EndGlobal
